
Microsoft Visual Studio Solution File, Format Version 12.00
# Visual Studio Version 16
VisualStudioVersion = 16.0.33920.266
MinimumVisualStudioVersion = 10.0.40219.1
Project("{FAE04EC0-301F-11D3-BF4B-00C04F79EFBC}") = "Bowling", "Bowling.csproj", "{8EDF5833-5F2D-4BA5-9D93-301D8557608C}"
EndProject
Global
	GlobalSection(SolutionConfigurationPlatforms) = preSolution
		Debug|Any CPU = Debug|Any CPU
		Release|Any CPU = Release|Any CPU
	EndGlobalSection
	GlobalSection(ProjectConfigurationPlatforms) = postSolution
		{8EDF5833-5F2D-4BA5-9D93-301D8557608C}.Debug|Any CPU.ActiveCfg = Debug|Any CPU
		{8EDF5833-5F2D-4BA5-9D93-301D8557608C}.Debug|Any CPU.Build.0 = Debug|Any CPU
		{8EDF5833-5F2D-4BA5-9D93-301D8557608C}.Release|Any CPU.ActiveCfg = Release|Any CPU
		{8EDF5833-5F2D-4BA5-9D93-301D8557608C}.Release|Any CPU.Build.0 = Release|Any CPU
	EndGlobalSection
	GlobalSection(SolutionProperties) = preSolution
		HideSolutionNode = FALSE
	EndGlobalSection
	GlobalSection(ExtensibilityGlobals) = postSolution
		SolutionGuid = {3D2F8032-D722-4CFF-8B46-03CFA6C17154}
	EndGlobalSection
EndGlobal
